
Microsoft Visual Studio Solution File, Format Version 12.00
# Visual Studio Version 17
VisualStudioVersion = 17.0.31903.59
MinimumVisualStudioVersion = 10.0.40219.1
Project("{2150E333-8FDC-42A3-9474-1A3956D46DE8}") = "src", "src", "{827E0CD3-B72D-47B6-A68D-7590B98EB39B}"
EndProject
Project("{2150E333-8FDC-42A3-9474-1A3956D46DE8}") = "Modules", "Modules", "{EC447DCF-ABFA-6E24-52A5-D7FD48A5C558}"
EndProject
EndProject
EndProject
EndProject
EndProject
Project("{2150E333-8FDC-42A3-9474-1A3956D46DE8}") = "BuildingBlocks", "BuildingBlocks", "{90298CBA-BD6F-3A0A-69D5-97CAD7B05E7E}"
EndProject
Project("{2150E333-8FDC-42A3-9474-1A3956D46DE8}") = "Abstractions", "Abstractions", "{C92A0B3C-F306-3651-C119-886307923D07}"
EndProject
Project("{FAE04EC0-301F-11D3-BF4B-00C04F79EFBC}") = "BuildingBlocks.Abstractions", "src\BuildingBlocks\Abstractions\BuildingBlocks.Abstractions.csproj", "{3CE614C6-A5FC-4468-A1F3-350A189FEFAB}"
EndProject
EndProject
EndProject
EndProject
EndProject
Project("{2150E333-8FDC-42A3-9474-1A3956D46DE8}") = "tests", "tests", "{0AB3BF05-4346-4AA6-1389-037BE0695223}"
EndProject
Project("{FAE04EC0-301F-11D3-BF4B-00C04F79EFBC}") = "Shared.Testing", "tests\Shared.Testing\Shared.Testing.csproj", "{BB9F9775-650E-495A-9213-8F13BD4686F2}"
EndProject
Project("{FAE04EC0-301F-11D3-BF4B-00C04F79EFBC}") = "Users.UnitTests", "tests\Users.UnitTests\Users.UnitTests.csproj", "{D1A1B2C3-4D5E-6F7G-8H9I-0J1K2L3M4N5O}"
EndProject
Project("{FAE04EC0-301F-11D3-BF4B-00C04F79EFBC}") = "Users.IntegrationTests", "tests\Users.IntegrationTests\Users.IntegrationTests.csproj", "{P6Q7R8S9-0T1U-2V3W-4X5Y-6Z7A8B9C0D1E}"
EndProject
EndProject
EndProject
EndProject
EndProject
Project("{2150E333-8FDC-42A3-9474-1A3956D46DE8}") = "Gateway", "Gateway", "{6306A8FB-679E-111F-6585-8F70E0EE6013}"
EndProject
Project("{2150E333-8FDC-42A3-9474-1A3956D46DE8}") = "WebApi", "WebApi", "{F8D6E8BF-A991-0EF8-2432-213F7F16B70E}"
EndProject
Project("{FAE04EC0-301F-11D3-BF4B-00C04F79EFBC}") = "Gateway.WebApi", "src\Gateway\WebApi\Gateway.WebApi.csproj", "{FEC9FF6F-A983-42A9-8BB9-E8F9E551DA9A}"
EndProject
Project("{2150E333-8FDC-42A3-9474-1A3956D46DE8}") = "Infrastructure.Shared", "Infrastructure.Shared", "{2A6652BE-E3F9-4BAA-8A37-5C0651AC3A62}"
EndProject
Project("{FAE04EC0-301F-11D3-BF4B-00C04F79EFBC}") = "BuildingBlocks.Infrastructure.Shared", "src\BuildingBlocks\Infrastructure.Shared\BuildingBlocks.Infrastructure.Shared.csproj", "{35D51F5B-3BC4-445A-91BE-7D75F53F048C}"
EndProject
EndProject
EndProject
EndProject
EndProject
Project("{2150E333-8FDC-42A3-9474-1A3956D46DE8}") = "Catalog", "Catalog", "{1E1EF545-4C18-AEE2-B997-7EF431518D3F}"
EndProject
Project("{FAE04EC0-301F-11D3-BF4B-00C04F79EFBC}") = "Catalog.Application", "src\Modules\Catalog\Catalog.Application\Catalog.Application.csproj", "{C07EDFAA-882B-444E-A0C2-FC2CC2DDC424}"
EndProject
Project("{FAE04EC0-301F-11D3-BF4B-00C04F79EFBC}") = "Catalog.Infrastructure", "src\Modules\Catalog\Catalog.Infrastructure\Catalog.Infrastructure.csproj", "{7A04D41F-AD08-4E1B-9BE2-85C8C468335F}"
EndProject
Project("{FAE04EC0-301F-11D3-BF4B-00C04F79EFBC}") = "Catalog.Domain", "src\Modules\Catalog\Catalog.Domain\Catalog.Domain.csproj", "{B68FE3D9-6486-4026-8BCF-068FA8008B23}"
EndProject
Project("{2150E333-8FDC-42A3-9474-1A3956D46DE8}") = "Orders", "Orders", "{CFD98C11-0354-2BE4-4011-BD6AEF12219D}"
EndProject
Project("{FAE04EC0-301F-11D3-BF4B-00C04F79EFBC}") = "Orders.Domain", "src\Modules\Orders\Orders.Domain\Orders.Domain.csproj", "{FD20B7D4-0F60-45D6-9E86-38EFDC22FBFC}"
EndProject
Project("{FAE04EC0-301F-11D3-BF4B-00C04F79EFBC}") = "Orders.Application", "src\Modules\Orders\Orders.Application\Orders.Application.csproj", "{325C32E5-7E66-4C5A-A55F-8F8F6BDE034D}"
EndProject
Project("{2150E333-8FDC-42A3-9474-1A3956D46DE8}") = "Users", "Users", "{A26F344D-182E-CE53-AD51-2154946AC6F3}"
EndProject
Project("{FAE04EC0-301F-11D3-BF4B-00C04F79EFBC}") = "Users.Domain", "src\Modules\Users\Users.Domain\Users.Domain.csproj", "{5B25DB3C-AA1F-472C-A420-80A684811FB6}"
EndProject
Project("{FAE04EC0-301F-11D3-BF4B-00C04F79EFBC}") = "Users.Application", "src\Modules\Users\Users.Application\Users.Application.csproj", "{E02B40A6-6EF1-48FA-A1E9-74A3A3B3D421}"
EndProject
Project("{FAE04EC0-301F-11D3-BF4B-00C04F79EFBC}") = "Users.Infrastructure", "src\Modules\Users\Users.Infrastructure\Users.Infrastructure.csproj", "{7BC01DAF-D11D-49AE-A62C-7D43ACF926C8}"
EndProject
Project("{2150E333-8FDC-42A3-9474-1A3956D46DE8}") = "Shipping", "Shipping", "{5B4949C4-60F7-B0DA-08B2-116E43E6DF0E}"
EndProject
Project("{FAE04EC0-301F-11D3-BF4B-00C04F79EFBC}") = "Shipping.Domain", "src\Modules\Shipping\Shipping.Domain\Shipping.Domain.csproj", "{A257D66E-9999-40E2-925A-60802DA406F7}"
EndProject
Project("{FAE04EC0-301F-11D3-BF4B-00C04F79EFBC}") = "Shipping.Application", "src\Modules\Shipping\Shipping.Application\Shipping.Application.csproj", "{8B7F6E2A-A344-4192-B753-5F58A38D5EA7}"
EndProject
Project("{FAE04EC0-301F-11D3-BF4B-00C04F79EFBC}") = "Shipping.Infrastructure", "src\Modules\Shipping\Shipping.Infrastructure\Shipping.Infrastructure.csproj", "{52E784D4-7B27-4A19-A34F-2A19BC7F5FDD}"
EndProject
Project("{2150E333-8FDC-42A3-9474-1A3956D46DE8}") = "Payment", "Payment", "{486050DE-C6A4-B1E8-2B12-E91E5BE99E3F}"
EndProject
Project("{FAE04EC0-301F-11D3-BF4B-00C04F79EFBC}") = "Payment.Domain", "src\Modules\Payment\Payment.Domain\Payment.Domain.csproj", "{D6009525-8610-4083-87BA-FEC7A11E2ED5}"
EndProject
Project("{FAE04EC0-301F-11D3-BF4B-00C04F79EFBC}") = "Payment.Application", "src\Modules\Payment\Payment.Application\Payment.Application.csproj", "{55252F0A-C0B3-4516-8B05-A58C5219DC6A}"
EndProject
Project("{FAE04EC0-301F-11D3-BF4B-00C04F79EFBC}") = "Payment.Infrastructure", "src\Modules\Payment\Payment.Infrastructure\Payment.Infrastructure.csproj", "{B5E86E90-D194-4B2E-BA78-5B29BB3B6C49}"
EndProject
Project("{2150E333-8FDC-42A3-9474-1A3956D46DE8}") = "Cart", "Cart", "{4CB6940A-8DC2-EB53-204F-2C1D4B30062C}"
EndProject
Project("{FAE04EC0-301F-11D3-BF4B-00C04F79EFBC}") = "Cart.Domain", "src\Modules\Cart\Cart.Domain\Cart.Domain.csproj", "{3C3F3801-0AF9-4588-B8D2-431EDD4F92D3}"
EndProject
Project("{FAE04EC0-301F-11D3-BF4B-00C04F79EFBC}") = "Cart.Application", "src\Modules\Cart\Cart.Application\Cart.Application.csproj", "{CEB7313B-684F-444C-8E0A-A447AB7B2877}"
EndProject
Project("{FAE04EC0-301F-11D3-BF4B-00C04F79EFBC}") = "Cart.Infrastructure", "src\Modules\Cart\Cart.Infrastructure\Cart.Infrastructure.csproj", "{91C58E7B-D949-45C6-85C0-5F508CEB032A}"
EndProject
Global
	GlobalSection(SolutionConfigurationPlatforms) = preSolution
		Debug|Any CPU = Debug|Any CPU
		Debug|x64 = Debug|x64
		Debug|x86 = Debug|x86
		Release|Any CPU = Release|Any CPU
		Release|x64 = Release|x64
		Release|x86 = Release|x86
	EndGlobalSection
	GlobalSection(ProjectConfigurationPlatforms) = postSolution
		{3CE614C6-A5FC-4468-A1F3-350A189FEFAB}.Debug|Any CPU.ActiveCfg = Debug|Any CPU
		{3CE614C6-A5FC-4468-A1F3-350A189FEFAB}.Debug|Any CPU.Build.0 = Debug|Any CPU
		{3CE614C6-A5FC-4468-A1F3-350A189FEFAB}.Debug|x64.ActiveCfg = Debug|Any CPU
		{3CE614C6-A5FC-4468-A1F3-350A189FEFAB}.Debug|x64.Build.0 = Debug|Any CPU
		{3CE614C6-A5FC-4468-A1F3-350A189FEFAB}.Debug|x86.ActiveCfg = Debug|Any CPU
		{3CE614C6-A5FC-4468-A1F3-350A189FEFAB}.Debug|x86.Build.0 = Debug|Any CPU
		{3CE614C6-A5FC-4468-A1F3-350A189FEFAB}.Release|Any CPU.ActiveCfg = Release|Any CPU
		{3CE614C6-A5FC-4468-A1F3-350A189FEFAB}.Release|Any CPU.Build.0 = Release|Any CPU
		{3CE614C6-A5FC-4468-A1F3-350A189FEFAB}.Release|x64.ActiveCfg = Release|Any CPU
		{3CE614C6-A5FC-4468-A1F3-350A189FEFAB}.Release|x64.Build.0 = Release|Any CPU
		{3CE614C6-A5FC-4468-A1F3-350A189FEFAB}.Release|x86.ActiveCfg = Release|Any CPU
		{3CE614C6-A5FC-4468-A1F3-350A189FEFAB}.Release|x86.Build.0 = Release|Any CPU
		{BB9F9775-650E-495A-9213-8F13BD4686F2}.Debug|Any CPU.ActiveCfg = Debug|Any CPU
		{BB9F9775-650E-495A-9213-8F13BD4686F2}.Debug|Any CPU.Build.0 = Debug|Any CPU
		{BB9F9775-650E-495A-9213-8F13BD4686F2}.Debug|x64.ActiveCfg = Debug|Any CPU
		{BB9F9775-650E-495A-9213-8F13BD4686F2}.Debug|x64.Build.0 = Debug|Any CPU
		{BB9F9775-650E-495A-9213-8F13BD4686F2}.Debug|x86.ActiveCfg = Debug|Any CPU
		{BB9F9775-650E-495A-9213-8F13BD4686F2}.Debug|x86.Build.0 = Debug|Any CPU
		{BB9F9775-650E-495A-9213-8F13BD4686F2}.Release|Any CPU.ActiveCfg = Release|Any CPU
		{BB9F9775-650E-495A-9213-8F13BD4686F2}.Release|Any CPU.Build.0 = Release|Any CPU
		{BB9F9775-650E-495A-9213-8F13BD4686F2}.Release|x64.ActiveCfg = Release|Any CPU
		{BB9F9775-650E-495A-9213-8F13BD4686F2}.Release|x64.Build.0 = Release|Any CPU
		{BB9F9775-650E-495A-9213-8F13BD4686F2}.Release|x86.ActiveCfg = Release|Any CPU
		{BB9F9775-650E-495A-9213-8F13BD4686F2}.Release|x86.Build.0 = Release|Any CPU
		{FEC9FF6F-A983-42A9-8BB9-E8F9E551DA9A}.Debug|Any CPU.ActiveCfg = Debug|Any CPU
		{FEC9FF6F-A983-42A9-8BB9-E8F9E551DA9A}.Debug|Any CPU.Build.0 = Debug|Any CPU
		{FEC9FF6F-A983-42A9-8BB9-E8F9E551DA9A}.Debug|x64.ActiveCfg = Debug|Any CPU
		{FEC9FF6F-A983-42A9-8BB9-E8F9E551DA9A}.Debug|x64.Build.0 = Debug|Any CPU
		{FEC9FF6F-A983-42A9-8BB9-E8F9E551DA9A}.Debug|x86.ActiveCfg = Debug|Any CPU
		{FEC9FF6F-A983-42A9-8BB9-E8F9E551DA9A}.Debug|x86.Build.0 = Debug|Any CPU
		{FEC9FF6F-A983-42A9-8BB9-E8F9E551DA9A}.Release|Any CPU.ActiveCfg = Release|Any CPU
		{FEC9FF6F-A983-42A9-8BB9-E8F9E551DA9A}.Release|Any CPU.Build.0 = Release|Any CPU
		{FEC9FF6F-A983-42A9-8BB9-E8F9E551DA9A}.Release|x64.ActiveCfg = Release|Any CPU
		{FEC9FF6F-A983-42A9-8BB9-E8F9E551DA9A}.Release|x64.Build.0 = Release|Any CPU
		{FEC9FF6F-A983-42A9-8BB9-E8F9E551DA9A}.Release|x86.ActiveCfg = Release|Any CPU
		{FEC9FF6F-A983-42A9-8BB9-E8F9E551DA9A}.Release|x86.Build.0 = Release|Any CPU
		{35D51F5B-3BC4-445A-91BE-7D75F53F048C}.Debug|Any CPU.ActiveCfg = Debug|Any CPU
		{35D51F5B-3BC4-445A-91BE-7D75F53F048C}.Debug|Any CPU.Build.0 = Debug|Any CPU
		{35D51F5B-3BC4-445A-91BE-7D75F53F048C}.Debug|x64.ActiveCfg = Debug|Any CPU
		{35D51F5B-3BC4-445A-91BE-7D75F53F048C}.Debug|x64.Build.0 = Debug|Any CPU
		{35D51F5B-3BC4-445A-91BE-7D75F53F048C}.Debug|x86.ActiveCfg = Debug|Any CPU
		{35D51F5B-3BC4-445A-91BE-7D75F53F048C}.Debug|x86.Build.0 = Debug|Any CPU
		{35D51F5B-3BC4-445A-91BE-7D75F53F048C}.Release|Any CPU.ActiveCfg = Release|Any CPU
		{35D51F5B-3BC4-445A-91BE-7D75F53F048C}.Release|Any CPU.Build.0 = Release|Any CPU
		{35D51F5B-3BC4-445A-91BE-7D75F53F048C}.Release|x64.ActiveCfg = Release|Any CPU
		{35D51F5B-3BC4-445A-91BE-7D75F53F048C}.Release|x64.Build.0 = Release|Any CPU
		{35D51F5B-3BC4-445A-91BE-7D75F53F048C}.Release|x86.ActiveCfg = Release|Any CPU
		{35D51F5B-3BC4-445A-91BE-7D75F53F048C}.Release|x86.Build.0 = Release|Any CPU
		{C07EDFAA-882B-444E-A0C2-FC2CC2DDC424}.Debug|Any CPU.ActiveCfg = Debug|Any CPU
		{C07EDFAA-882B-444E-A0C2-FC2CC2DDC424}.Debug|Any CPU.Build.0 = Debug|Any CPU
		{C07EDFAA-882B-444E-A0C2-FC2CC2DDC424}.Debug|x64.ActiveCfg = Debug|Any CPU
		{C07EDFAA-882B-444E-A0C2-FC2CC2DDC424}.Debug|x64.Build.0 = Debug|Any CPU
		{C07EDFAA-882B-444E-A0C2-FC2CC2DDC424}.Debug|x86.ActiveCfg = Debug|Any CPU
		{C07EDFAA-882B-444E-A0C2-FC2CC2DDC424}.Debug|x86.Build.0 = Debug|Any CPU
		{C07EDFAA-882B-444E-A0C2-FC2CC2DDC424}.Release|Any CPU.ActiveCfg = Release|Any CPU
		{C07EDFAA-882B-444E-A0C2-FC2CC2DDC424}.Release|Any CPU.Build.0 = Release|Any CPU
		{C07EDFAA-882B-444E-A0C2-FC2CC2DDC424}.Release|x64.ActiveCfg = Release|Any CPU
		{C07EDFAA-882B-444E-A0C2-FC2CC2DDC424}.Release|x64.Build.0 = Release|Any CPU
		{C07EDFAA-882B-444E-A0C2-FC2CC2DDC424}.Release|x86.ActiveCfg = Release|Any CPU
		{C07EDFAA-882B-444E-A0C2-FC2CC2DDC424}.Release|x86.Build.0 = Release|Any CPU
		{7A04D41F-AD08-4E1B-9BE2-85C8C468335F}.Debug|Any CPU.ActiveCfg = Debug|Any CPU
		{7A04D41F-AD08-4E1B-9BE2-85C8C468335F}.Debug|Any CPU.Build.0 = Debug|Any CPU
		{7A04D41F-AD08-4E1B-9BE2-85C8C468335F}.Debug|x64.ActiveCfg = Debug|Any CPU
		{7A04D41F-AD08-4E1B-9BE2-85C8C468335F}.Debug|x64.Build.0 = Debug|Any CPU
		{7A04D41F-AD08-4E1B-9BE2-85C8C468335F}.Debug|x86.ActiveCfg = Debug|Any CPU
		{7A04D41F-AD08-4E1B-9BE2-85C8C468335F}.Debug|x86.Build.0 = Debug|Any CPU
		{7A04D41F-AD08-4E1B-9BE2-85C8C468335F}.Release|Any CPU.ActiveCfg = Release|Any CPU
		{7A04D41F-AD08-4E1B-9BE2-85C8C468335F}.Release|Any CPU.Build.0 = Release|Any CPU
		{7A04D41F-AD08-4E1B-9BE2-85C8C468335F}.Release|x64.ActiveCfg = Release|Any CPU
		{7A04D41F-AD08-4E1B-9BE2-85C8C468335F}.Release|x64.Build.0 = Release|Any CPU
		{7A04D41F-AD08-4E1B-9BE2-85C8C468335F}.Release|x86.ActiveCfg = Release|Any CPU
		{7A04D41F-AD08-4E1B-9BE2-85C8C468335F}.Release|x86.Build.0 = Release|Any CPU
		{B68FE3D9-6486-4026-8BCF-068FA8008B23}.Debug|Any CPU.ActiveCfg = Debug|Any CPU
		{B68FE3D9-6486-4026-8BCF-068FA8008B23}.Debug|Any CPU.Build.0 = Debug|Any CPU
		{B68FE3D9-6486-4026-8BCF-068FA8008B23}.Debug|x64.ActiveCfg = Debug|Any CPU
		{B68FE3D9-6486-4026-8BCF-068FA8008B23}.Debug|x64.Build.0 = Debug|Any CPU
		{B68FE3D9-6486-4026-8BCF-068FA8008B23}.Debug|x86.ActiveCfg = Debug|Any CPU
		{B68FE3D9-6486-4026-8BCF-068FA8008B23}.Debug|x86.Build.0 = Debug|Any CPU
		{B68FE3D9-6486-4026-8BCF-068FA8008B23}.Release|Any CPU.ActiveCfg = Release|Any CPU
		{B68FE3D9-6486-4026-8BCF-068FA8008B23}.Release|Any CPU.Build.0 = Release|Any CPU
		{B68FE3D9-6486-4026-8BCF-068FA8008B23}.Release|x64.ActiveCfg = Release|Any CPU
		{B68FE3D9-6486-4026-8BCF-068FA8008B23}.Release|x64.Build.0 = Release|Any CPU
		{B68FE3D9-6486-4026-8BCF-068FA8008B23}.Release|x86.ActiveCfg = Release|Any CPU
		{B68FE3D9-6486-4026-8BCF-068FA8008B23}.Release|x86.Build.0 = Release|Any CPU
		{FD20B7D4-0F60-45D6-9E86-38EFDC22FBFC}.Debug|Any CPU.ActiveCfg = Debug|Any CPU
		{FD20B7D4-0F60-45D6-9E86-38EFDC22FBFC}.Debug|Any CPU.Build.0 = Debug|Any CPU
		{FD20B7D4-0F60-45D6-9E86-38EFDC22FBFC}.Debug|x64.ActiveCfg = Debug|Any CPU
		{FD20B7D4-0F60-45D6-9E86-38EFDC22FBFC}.Debug|x64.Build.0 = Debug|Any CPU
		{FD20B7D4-0F60-45D6-9E86-38EFDC22FBFC}.Debug|x86.ActiveCfg = Debug|Any CPU
		{FD20B7D4-0F60-45D6-9E86-38EFDC22FBFC}.Debug|x86.Build.0 = Debug|Any CPU
		{FD20B7D4-0F60-45D6-9E86-38EFDC22FBFC}.Release|Any CPU.ActiveCfg = Release|Any CPU
		{FD20B7D4-0F60-45D6-9E86-38EFDC22FBFC}.Release|Any CPU.Build.0 = Release|Any CPU
		{FD20B7D4-0F60-45D6-9E86-38EFDC22FBFC}.Release|x64.ActiveCfg = Release|Any CPU
		{FD20B7D4-0F60-45D6-9E86-38EFDC22FBFC}.Release|x64.Build.0 = Release|Any CPU
		{FD20B7D4-0F60-45D6-9E86-38EFDC22FBFC}.Release|x86.ActiveCfg = Release|Any CPU
		{FD20B7D4-0F60-45D6-9E86-38EFDC22FBFC}.Release|x86.Build.0 = Release|Any CPU
		{325C32E5-7E66-4C5A-A55F-8F8F6BDE034D}.Debug|Any CPU.ActiveCfg = Debug|Any CPU
		{325C32E5-7E66-4C5A-A55F-8F8F6BDE034D}.Debug|Any CPU.Build.0 = Debug|Any CPU
		{325C32E5-7E66-4C5A-A55F-8F8F6BDE034D}.Debug|x64.ActiveCfg = Debug|Any CPU
		{325C32E5-7E66-4C5A-A55F-8F8F6BDE034D}.Debug|x64.Build.0 = Debug|Any CPU
		{325C32E5-7E66-4C5A-A55F-8F8F6BDE034D}.Debug|x86.ActiveCfg = Debug|Any CPU
		{325C32E5-7E66-4C5A-A55F-8F8F6BDE034D}.Debug|x86.Build.0 = Debug|Any CPU
		{325C32E5-7E66-4C5A-A55F-8F8F6BDE034D}.Release|Any CPU.ActiveCfg = Release|Any CPU
		{325C32E5-7E66-4C5A-A55F-8F8F6BDE034D}.Release|Any CPU.Build.0 = Release|Any CPU
		{325C32E5-7E66-4C5A-A55F-8F8F6BDE034D}.Release|x64.ActiveCfg = Release|Any CPU
		{325C32E5-7E66-4C5A-A55F-8F8F6BDE034D}.Release|x64.Build.0 = Release|Any CPU
		{325C32E5-7E66-4C5A-A55F-8F8F6BDE034D}.Release|x86.ActiveCfg = Release|Any CPU
		{325C32E5-7E66-4C5A-A55F-8F8F6BDE034D}.Release|x86.Build.0 = Release|Any CPU
		{5B25DB3C-AA1F-472C-A420-80A684811FB6}.Debug|Any CPU.ActiveCfg = Debug|Any CPU
		{5B25DB3C-AA1F-472C-A420-80A684811FB6}.Debug|Any CPU.Build.0 = Debug|Any CPU
		{5B25DB3C-AA1F-472C-A420-80A684811FB6}.Debug|x64.ActiveCfg = Debug|Any CPU
		{5B25DB3C-AA1F-472C-A420-80A684811FB6}.Debug|x64.Build.0 = Debug|Any CPU
		{5B25DB3C-AA1F-472C-A420-80A684811FB6}.Debug|x86.ActiveCfg = Debug|Any CPU
		{5B25DB3C-AA1F-472C-A420-80A684811FB6}.Debug|x86.Build.0 = Debug|Any CPU
		{5B25DB3C-AA1F-472C-A420-80A684811FB6}.Release|Any CPU.ActiveCfg = Release|Any CPU
		{5B25DB3C-AA1F-472C-A420-80A684811FB6}.Release|Any CPU.Build.0 = Release|Any CPU
		{5B25DB3C-AA1F-472C-A420-80A684811FB6}.Release|x64.ActiveCfg = Release|Any CPU
		{5B25DB3C-AA1F-472C-A420-80A684811FB6}.Release|x64.Build.0 = Release|Any CPU
		{5B25DB3C-AA1F-472C-A420-80A684811FB6}.Release|x86.ActiveCfg = Release|Any CPU
		{5B25DB3C-AA1F-472C-A420-80A684811FB6}.Release|x86.Build.0 = Release|Any CPU
		{E02B40A6-6EF1-48FA-A1E9-74A3A3B3D421}.Debug|Any CPU.ActiveCfg = Debug|Any CPU
		{E02B40A6-6EF1-48FA-A1E9-74A3A3B3D421}.Debug|Any CPU.Build.0 = Debug|Any CPU
		{E02B40A6-6EF1-48FA-A1E9-74A3A3B3D421}.Debug|x64.ActiveCfg = Debug|Any CPU
		{E02B40A6-6EF1-48FA-A1E9-74A3A3B3D421}.Debug|x64.Build.0 = Debug|Any CPU
		{E02B40A6-6EF1-48FA-A1E9-74A3A3B3D421}.Debug|x86.ActiveCfg = Debug|Any CPU
		{E02B40A6-6EF1-48FA-A1E9-74A3A3B3D421}.Debug|x86.Build.0 = Debug|Any CPU
		{E02B40A6-6EF1-48FA-A1E9-74A3A3B3D421}.Release|Any CPU.ActiveCfg = Release|Any CPU
		{E02B40A6-6EF1-48FA-A1E9-74A3A3B3D421}.Release|Any CPU.Build.0 = Release|Any CPU
		{E02B40A6-6EF1-48FA-A1E9-74A3A3B3D421}.Release|x64.ActiveCfg = Release|Any CPU
		{E02B40A6-6EF1-48FA-A1E9-74A3A3B3D421}.Release|x64.Build.0 = Release|Any CPU
		{E02B40A6-6EF1-48FA-A1E9-74A3A3B3D421}.Release|x86.ActiveCfg = Release|Any CPU
		{E02B40A6-6EF1-48FA-A1E9-74A3A3B3D421}.Release|x86.Build.0 = Release|Any CPU
		{7BC01DAF-D11D-49AE-A62C-7D43ACF926C8}.Debug|Any CPU.ActiveCfg = Debug|Any CPU
		{7BC01DAF-D11D-49AE-A62C-7D43ACF926C8}.Debug|Any CPU.Build.0 = Debug|Any CPU
		{7BC01DAF-D11D-49AE-A62C-7D43ACF926C8}.Debug|x64.ActiveCfg = Debug|Any CPU
		{7BC01DAF-D11D-49AE-A62C-7D43ACF926C8}.Debug|x64.Build.0 = Debug|Any CPU
		{7BC01DAF-D11D-49AE-A62C-7D43ACF926C8}.Debug|x86.ActiveCfg = Debug|Any CPU
		{7BC01DAF-D11D-49AE-A62C-7D43ACF926C8}.Debug|x86.Build.0 = Debug|Any CPU
		{7BC01DAF-D11D-49AE-A62C-7D43ACF926C8}.Release|Any CPU.ActiveCfg = Release|Any CPU
		{7BC01DAF-D11D-49AE-A62C-7D43ACF926C8}.Release|Any CPU.Build.0 = Release|Any CPU
		{7BC01DAF-D11D-49AE-A62C-7D43ACF926C8}.Release|x64.ActiveCfg = Release|Any CPU
		{7BC01DAF-D11D-49AE-A62C-7D43ACF926C8}.Release|x64.Build.0 = Release|Any CPU
		{7BC01DAF-D11D-49AE-A62C-7D43ACF926C8}.Release|x86.ActiveCfg = Release|Any CPU
		{7BC01DAF-D11D-49AE-A62C-7D43ACF926C8}.Release|x86.Build.0 = Release|Any CPU
		{A257D66E-9999-40E2-925A-60802DA406F7}.Debug|Any CPU.ActiveCfg = Debug|Any CPU
		{A257D66E-9999-40E2-925A-60802DA406F7}.Debug|Any CPU.Build.0 = Debug|Any CPU
		{A257D66E-9999-40E2-925A-60802DA406F7}.Debug|x64.ActiveCfg = Debug|Any CPU
		{A257D66E-9999-40E2-925A-60802DA406F7}.Debug|x64.Build.0 = Debug|Any CPU
		{A257D66E-9999-40E2-925A-60802DA406F7}.Debug|x86.ActiveCfg = Debug|Any CPU
		{A257D66E-9999-40E2-925A-60802DA406F7}.Debug|x86.Build.0 = Debug|Any CPU
		{A257D66E-9999-40E2-925A-60802DA406F7}.Release|Any CPU.ActiveCfg = Release|Any CPU
		{A257D66E-9999-40E2-925A-60802DA406F7}.Release|Any CPU.Build.0 = Release|Any CPU
		{A257D66E-9999-40E2-925A-60802DA406F7}.Release|x64.ActiveCfg = Release|Any CPU
		{A257D66E-9999-40E2-925A-60802DA406F7}.Release|x64.Build.0 = Release|Any CPU
		{A257D66E-9999-40E2-925A-60802DA406F7}.Release|x86.ActiveCfg = Release|Any CPU
		{A257D66E-9999-40E2-925A-60802DA406F7}.Release|x86.Build.0 = Release|Any CPU
		{8B7F6E2A-A344-4192-B753-5F58A38D5EA7}.Debug|Any CPU.ActiveCfg = Debug|Any CPU
		{8B7F6E2A-A344-4192-B753-5F58A38D5EA7}.Debug|Any CPU.Build.0 = Debug|Any CPU
		{8B7F6E2A-A344-4192-B753-5F58A38D5EA7}.Debug|x64.ActiveCfg = Debug|Any CPU
		{8B7F6E2A-A344-4192-B753-5F58A38D5EA7}.Debug|x64.Build.0 = Debug|Any CPU
		{8B7F6E2A-A344-4192-B753-5F58A38D5EA7}.Debug|x86.ActiveCfg = Debug|Any CPU
		{8B7F6E2A-A344-4192-B753-5F58A38D5EA7}.Debug|x86.Build.0 = Debug|Any CPU
		{8B7F6E2A-A344-4192-B753-5F58A38D5EA7}.Release|Any CPU.ActiveCfg = Release|Any CPU
		{8B7F6E2A-A344-4192-B753-5F58A38D5EA7}.Release|Any CPU.Build.0 = Release|Any CPU
		{8B7F6E2A-A344-4192-B753-5F58A38D5EA7}.Release|x64.ActiveCfg = Release|Any CPU
		{8B7F6E2A-A344-4192-B753-5F58A38D5EA7}.Release|x64.Build.0 = Release|Any CPU
		{8B7F6E2A-A344-4192-B753-5F58A38D5EA7}.Release|x86.ActiveCfg = Release|Any CPU
		{8B7F6E2A-A344-4192-B753-5F58A38D5EA7}.Release|x86.Build.0 = Release|Any CPU
		{52E784D4-7B27-4A19-A34F-2A19BC7F5FDD}.Debug|Any CPU.ActiveCfg = Debug|Any CPU
		{52E784D4-7B27-4A19-A34F-2A19BC7F5FDD}.Debug|Any CPU.Build.0 = Debug|Any CPU
		{52E784D4-7B27-4A19-A34F-2A19BC7F5FDD}.Debug|x64.ActiveCfg = Debug|Any CPU
		{52E784D4-7B27-4A19-A34F-2A19BC7F5FDD}.Debug|x64.Build.0 = Debug|Any CPU
		{52E784D4-7B27-4A19-A34F-2A19BC7F5FDD}.Debug|x86.ActiveCfg = Debug|Any CPU
		{52E784D4-7B27-4A19-A34F-2A19BC7F5FDD}.Debug|x86.Build.0 = Debug|Any CPU
		{52E784D4-7B27-4A19-A34F-2A19BC7F5FDD}.Release|Any CPU.ActiveCfg = Release|Any CPU
		{52E784D4-7B27-4A19-A34F-2A19BC7F5FDD}.Release|Any CPU.Build.0 = Release|Any CPU
		{52E784D4-7B27-4A19-A34F-2A19BC7F5FDD}.Release|x64.ActiveCfg = Release|Any CPU
		{52E784D4-7B27-4A19-A34F-2A19BC7F5FDD}.Release|x64.Build.0 = Release|Any CPU
		{52E784D4-7B27-4A19-A34F-2A19BC7F5FDD}.Release|x86.ActiveCfg = Release|Any CPU
		{52E784D4-7B27-4A19-A34F-2A19BC7F5FDD}.Release|x86.Build.0 = Release|Any CPU
		{D6009525-8610-4083-87BA-FEC7A11E2ED5}.Debug|Any CPU.ActiveCfg = Debug|Any CPU
		{D6009525-8610-4083-87BA-FEC7A11E2ED5}.Debug|Any CPU.Build.0 = Debug|Any CPU
		{D6009525-8610-4083-87BA-FEC7A11E2ED5}.Debug|x64.ActiveCfg = Debug|Any CPU
		{D6009525-8610-4083-87BA-FEC7A11E2ED5}.Debug|x64.Build.0 = Debug|Any CPU
		{D6009525-8610-4083-87BA-FEC7A11E2ED5}.Debug|x86.ActiveCfg = Debug|Any CPU
		{D6009525-8610-4083-87BA-FEC7A11E2ED5}.Debug|x86.Build.0 = Debug|Any CPU
		{D6009525-8610-4083-87BA-FEC7A11E2ED5}.Release|Any CPU.ActiveCfg = Release|Any CPU
		{D6009525-8610-4083-87BA-FEC7A11E2ED5}.Release|Any CPU.Build.0 = Release|Any CPU
		{D6009525-8610-4083-87BA-FEC7A11E2ED5}.Release|x64.ActiveCfg = Release|Any CPU
		{D6009525-8610-4083-87BA-FEC7A11E2ED5}.Release|x64.Build.0 = Release|Any CPU
		{D6009525-8610-4083-87BA-FEC7A11E2ED5}.Release|x86.ActiveCfg = Release|Any CPU
		{D6009525-8610-4083-87BA-FEC7A11E2ED5}.Release|x86.Build.0 = Release|Any CPU
		{55252F0A-C0B3-4516-8B05-A58C5219DC6A}.Debug|Any CPU.ActiveCfg = Debug|Any CPU
		{55252F0A-C0B3-4516-8B05-A58C5219DC6A}.Debug|Any CPU.Build.0 = Debug|Any CPU
		{55252F0A-C0B3-4516-8B05-A58C5219DC6A}.Debug|x64.ActiveCfg = Debug|Any CPU
		{55252F0A-C0B3-4516-8B05-A58C5219DC6A}.Debug|x64.Build.0 = Debug|Any CPU
		{55252F0A-C0B3-4516-8B05-A58C5219DC6A}.Debug|x86.ActiveCfg = Debug|Any CPU
		{55252F0A-C0B3-4516-8B05-A58C5219DC6A}.Debug|x86.Build.0 = Debug|Any CPU
		{55252F0A-C0B3-4516-8B05-A58C5219DC6A}.Release|Any CPU.ActiveCfg = Release|Any CPU
		{55252F0A-C0B3-4516-8B05-A58C5219DC6A}.Release|Any CPU.Build.0 = Release|Any CPU
		{55252F0A-C0B3-4516-8B05-A58C5219DC6A}.Release|x64.ActiveCfg = Release|Any CPU
		{55252F0A-C0B3-4516-8B05-A58C5219DC6A}.Release|x64.Build.0 = Release|Any CPU
		{55252F0A-C0B3-4516-8B05-A58C5219DC6A}.Release|x86.ActiveCfg = Release|Any CPU
		{55252F0A-C0B3-4516-8B05-A58C5219DC6A}.Release|x86.Build.0 = Release|Any CPU
		{B5E86E90-D194-4B2E-BA78-5B29BB3B6C49}.Debug|Any CPU.ActiveCfg = Debug|Any CPU
		{B5E86E90-D194-4B2E-BA78-5B29BB3B6C49}.Debug|Any CPU.Build.0 = Debug|Any CPU
		{B5E86E90-D194-4B2E-BA78-5B29BB3B6C49}.Debug|x64.ActiveCfg = Debug|Any CPU
		{B5E86E90-D194-4B2E-BA78-5B29BB3B6C49}.Debug|x64.Build.0 = Debug|Any CPU
		{B5E86E90-D194-4B2E-BA78-5B29BB3B6C49}.Debug|x86.ActiveCfg = Debug|Any CPU
		{B5E86E90-D194-4B2E-BA78-5B29BB3B6C49}.Debug|x86.Build.0 = Debug|Any CPU
		{B5E86E90-D194-4B2E-BA78-5B29BB3B6C49}.Release|Any CPU.ActiveCfg = Release|Any CPU
		{B5E86E90-D194-4B2E-BA78-5B29BB3B6C49}.Release|Any CPU.Build.0 = Release|Any CPU
		{B5E86E90-D194-4B2E-BA78-5B29BB3B6C49}.Release|x64.ActiveCfg = Release|Any CPU
		{B5E86E90-D194-4B2E-BA78-5B29BB3B6C49}.Release|x64.Build.0 = Release|Any CPU
		{B5E86E90-D194-4B2E-BA78-5B29BB3B6C49}.Release|x86.ActiveCfg = Release|Any CPU
		{B5E86E90-D194-4B2E-BA78-5B29BB3B6C49}.Release|x86.Build.0 = Release|Any CPU
		{3C3F3801-0AF9-4588-B8D2-431EDD4F92D3}.Debug|Any CPU.ActiveCfg = Debug|Any CPU
		{3C3F3801-0AF9-4588-B8D2-431EDD4F92D3}.Debug|Any CPU.Build.0 = Debug|Any CPU
		{3C3F3801-0AF9-4588-B8D2-431EDD4F92D3}.Debug|x64.ActiveCfg = Debug|Any CPU
		{3C3F3801-0AF9-4588-B8D2-431EDD4F92D3}.Debug|x64.Build.0 = Debug|Any CPU
		{3C3F3801-0AF9-4588-B8D2-431EDD4F92D3}.Debug|x86.ActiveCfg = Debug|Any CPU
		{3C3F3801-0AF9-4588-B8D2-431EDD4F92D3}.Debug|x86.Build.0 = Debug|Any CPU
		{3C3F3801-0AF9-4588-B8D2-431EDD4F92D3}.Release|Any CPU.ActiveCfg = Release|Any CPU
		{3C3F3801-0AF9-4588-B8D2-431EDD4F92D3}.Release|Any CPU.Build.0 = Release|Any CPU
		{3C3F3801-0AF9-4588-B8D2-431EDD4F92D3}.Release|x64.ActiveCfg = Release|Any CPU
		{3C3F3801-0AF9-4588-B8D2-431EDD4F92D3}.Release|x64.Build.0 = Release|Any CPU
		{3C3F3801-0AF9-4588-B8D2-431EDD4F92D3}.Release|x86.ActiveCfg = Release|Any CPU
		{3C3F3801-0AF9-4588-B8D2-431EDD4F92D3}.Release|x86.Build.0 = Release|Any CPU
		{CEB7313B-684F-444C-8E0A-A447AB7B2877}.Debug|Any CPU.ActiveCfg = Debug|Any CPU
		{CEB7313B-684F-444C-8E0A-A447AB7B2877}.Debug|Any CPU.Build.0 = Debug|Any CPU
		{CEB7313B-684F-444C-8E0A-A447AB7B2877}.Debug|x64.ActiveCfg = Debug|Any CPU
		{CEB7313B-684F-444C-8E0A-A447AB7B2877}.Debug|x64.Build.0 = Debug|Any CPU
		{CEB7313B-684F-444C-8E0A-A447AB7B2877}.Debug|x86.ActiveCfg = Debug|Any CPU
		{CEB7313B-684F-444C-8E0A-A447AB7B2877}.Debug|x86.Build.0 = Debug|Any CPU
		{CEB7313B-684F-444C-8E0A-A447AB7B2877}.Release|Any CPU.ActiveCfg = Release|Any CPU
		{CEB7313B-684F-444C-8E0A-A447AB7B2877}.Release|Any CPU.Build.0 = Release|Any CPU
		{CEB7313B-684F-444C-8E0A-A447AB7B2877}.Release|x64.ActiveCfg = Release|Any CPU
		{CEB7313B-684F-444C-8E0A-A447AB7B2877}.Release|x64.Build.0 = Release|Any CPU
		{CEB7313B-684F-444C-8E0A-A447AB7B2877}.Release|x86.ActiveCfg = Release|Any CPU
		{CEB7313B-684F-444C-8E0A-A447AB7B2877}.Release|x86.Build.0 = Release|Any CPU
		{91C58E7B-D949-45C6-85C0-5F508CEB032A}.Debug|Any CPU.ActiveCfg = Debug|Any CPU
		{91C58E7B-D949-45C6-85C0-5F508CEB032A}.Debug|Any CPU.Build.0 = Debug|Any CPU
		{91C58E7B-D949-45C6-85C0-5F508CEB032A}.Debug|x64.ActiveCfg = Debug|Any CPU
		{91C58E7B-D949-45C6-85C0-5F508CEB032A}.Debug|x64.Build.0 = Debug|Any CPU
		{91C58E7B-D949-45C6-85C0-5F508CEB032A}.Debug|x86.ActiveCfg = Debug|Any CPU
		{91C58E7B-D949-45C6-85C0-5F508CEB032A}.Debug|x86.Build.0 = Debug|Any CPU
		{91C58E7B-D949-45C6-85C0-5F508CEB032A}.Release|Any CPU.ActiveCfg = Release|Any CPU
		{91C58E7B-D949-45C6-85C0-5F508CEB032A}.Release|Any CPU.Build.0 = Release|Any CPU
		{91C58E7B-D949-45C6-85C0-5F508CEB032A}.Release|x64.ActiveCfg = Release|Any CPU
		{91C58E7B-D949-45C6-85C0-5F508CEB032A}.Release|x64.Build.0 = Release|Any CPU
		{91C58E7B-D949-45C6-85C0-5F508CEB032A}.Release|x86.ActiveCfg = Release|Any CPU
		{91C58E7B-D949-45C6-85C0-5F508CEB032A}.Release|x86.Build.0 = Release|Any CPU
	EndGlobalSection
	GlobalSection(SolutionProperties) = preSolution
		HideSolutionNode = FALSE
	EndGlobalSection
	GlobalSection(NestedProjects) = preSolution
		{EC447DCF-ABFA-6E24-52A5-D7FD48A5C558} = {827E0CD3-B72D-47B6-A68D-7590B98EB39B}
		{90298CBA-BD6F-3A0A-69D5-97CAD7B05E7E} = {827E0CD3-B72D-47B6-A68D-7590B98EB39B}
		{C92A0B3C-F306-3651-C119-886307923D07} = {90298CBA-BD6F-3A0A-69D5-97CAD7B05E7E}
		{3CE614C6-A5FC-4468-A1F3-350A189FEFAB} = {C92A0B3C-F306-3651-C119-886307923D07}
		{BB9F9775-650E-495A-9213-8F13BD4686F2} = {0AB3BF05-4346-4AA6-1389-037BE0695223}
		{6306A8FB-679E-111F-6585-8F70E0EE6013} = {827E0CD3-B72D-47B6-A68D-7590B98EB39B}
		{F8D6E8BF-A991-0EF8-2432-213F7F16B70E} = {6306A8FB-679E-111F-6585-8F70E0EE6013}
		{FEC9FF6F-A983-42A9-8BB9-E8F9E551DA9A} = {F8D6E8BF-A991-0EF8-2432-213F7F16B70E}
		{2A6652BE-E3F9-4BAA-8A37-5C0651AC3A62} = {90298CBA-BD6F-3A0A-69D5-97CAD7B05E7E}
		{35D51F5B-3BC4-445A-91BE-7D75F53F048C} = {2A6652BE-E3F9-4BAA-8A37-5C0651AC3A62}
		{1E1EF545-4C18-AEE2-B997-7EF431518D3F} = {EC447DCF-ABFA-6E24-52A5-D7FD48A5C558}
		{C07EDFAA-882B-444E-A0C2-FC2CC2DDC424} = {1E1EF545-4C18-AEE2-B997-7EF431518D3F}
		{7A04D41F-AD08-4E1B-9BE2-85C8C468335F} = {1E1EF545-4C18-AEE2-B997-7EF431518D3F}
		{B68FE3D9-6486-4026-8BCF-068FA8008B23} = {1E1EF545-4C18-AEE2-B997-7EF431518D3F}
		{CFD98C11-0354-2BE4-4011-BD6AEF12219D} = {EC447DCF-ABFA-6E24-52A5-D7FD48A5C558}
		{FD20B7D4-0F60-45D6-9E86-38EFDC22FBFC} = {CFD98C11-0354-2BE4-4011-BD6AEF12219D}
		{325C32E5-7E66-4C5A-A55F-8F8F6BDE034D} = {CFD98C11-0354-2BE4-4011-BD6AEF12219D}
		{A26F344D-182E-CE53-AD51-2154946AC6F3} = {EC447DCF-ABFA-6E24-52A5-D7FD48A5C558}
		{5B25DB3C-AA1F-472C-A420-80A684811FB6} = {A26F344D-182E-CE53-AD51-2154946AC6F3}
		{E02B40A6-6EF1-48FA-A1E9-74A3A3B3D421} = {A26F344D-182E-CE53-AD51-2154946AC6F3}
		{7BC01DAF-D11D-49AE-A62C-7D43ACF926C8} = {A26F344D-182E-CE53-AD51-2154946AC6F3}
		{5B4949C4-60F7-B0DA-08B2-116E43E6DF0E} = {EC447DCF-ABFA-6E24-52A5-D7FD48A5C558}
		{A257D66E-9999-40E2-925A-60802DA406F7} = {5B4949C4-60F7-B0DA-08B2-116E43E6DF0E}
		{8B7F6E2A-A344-4192-B753-5F58A38D5EA7} = {5B4949C4-60F7-B0DA-08B2-116E43E6DF0E}
		{52E784D4-7B27-4A19-A34F-2A19BC7F5FDD} = {5B4949C4-60F7-B0DA-08B2-116E43E6DF0E}
		{486050DE-C6A4-B1E8-2B12-E91E5BE99E3F} = {EC447DCF-ABFA-6E24-52A5-D7FD48A5C558}
		{D6009525-8610-4083-87BA-FEC7A11E2ED5} = {486050DE-C6A4-B1E8-2B12-E91E5BE99E3F}
		{55252F0A-C0B3-4516-8B05-A58C5219DC6A} = {486050DE-C6A4-B1E8-2B12-E91E5BE99E3F}
		{B5E86E90-D194-4B2E-BA78-5B29BB3B6C49} = {486050DE-C6A4-B1E8-2B12-E91E5BE99E3F}
		{4CB6940A-8DC2-EB53-204F-2C1D4B30062C} = {EC447DCF-ABFA-6E24-52A5-D7FD48A5C558}
		{3C3F3801-0AF9-4588-B8D2-431EDD4F92D3} = {4CB6940A-8DC2-EB53-204F-2C1D4B30062C}
		{CEB7313B-684F-444C-8E0A-A447AB7B2877} = {4CB6940A-8DC2-EB53-204F-2C1D4B30062C}
		{91C58E7B-D949-45C6-85C0-5F508CEB032A} = {4CB6940A-8DC2-EB53-204F-2C1D4B30062C}
	EndGlobalSection
EndGlobal

